
Microsoft Visual Studio Solution File, Format Version 12.00
# Visual Studio Version 16
VisualStudioVersion = 16.0.30204.135
MinimumVisualStudioVersion = 15.0.26124.0
Project("{2150E333-8FDC-42A3-9474-1A3956D46DE8}") = "Solution Items", "Solution Items", "{C2499C75-EDBE-4552-B855-52E2B12BC4E4}"
	ProjectSection(SolutionItems) = preProject
		.editorconfig = .editorconfig
		.gitignore = .gitignore
		LICENSE = LICENSE
		packageIcon.png = packageIcon.png
		README.md = README.md
		stylecop.json = stylecop.json
	EndProjectSection
EndProject
Project("{9A19103F-16F7-4668-BE54-9A1E7A4F7556}") = "WorldDirect.CoAP.Specs", "WorldDirect.CoAP.Specs\WorldDirect.CoAP.Specs.csproj", "{9832AE15-FBC3-4393-A6B8-365EAA84211A}"
EndProject
Project("{9A19103F-16F7-4668-BE54-9A1E7A4F7556}") = "WorldDirect.CoAP", "WorldDirect.CoAP\WorldDirect.CoAP.csproj", "{D1F769FA-7040-482F-A86F-13B5346E0F87}"
EndProject
Project("{2150E333-8FDC-42A3-9474-1A3956D46DE8}") = "Demo", "Demo", "{871EE7B3-FB27-4A0F-BB1E-BF42B8203A4F}"
EndProject
Project("{9A19103F-16F7-4668-BE54-9A1E7A4F7556}") = "Server", "Server\Server.csproj", "{AA2736BB-8EB5-449B-9CF0-91CFDA0C1A2C}"
EndProject
Project("{9A19103F-16F7-4668-BE54-9A1E7A4F7556}") = "Client", "Client\Client.csproj", "{10D5D6C8-DD01-4B87-AFA0-E565A772F098}"
EndProject
Project("{FAE04EC0-301F-11D3-BF4B-00C04F79EFBC}") = "Oscore", "Oscore\Oscore.csproj", "{A0DA344C-D364-4336-B1F5-D49FA3750F0C}"
EndProject
Global
	GlobalSection(SolutionConfigurationPlatforms) = preSolution
		Debug|Any CPU = Debug|Any CPU
		Debug|x64 = Debug|x64
		Debug|x86 = Debug|x86
		Release|Any CPU = Release|Any CPU
		Release|x64 = Release|x64
		Release|x86 = Release|x86
	EndGlobalSection
	GlobalSection(ProjectConfigurationPlatforms) = postSolution
		{9832AE15-FBC3-4393-A6B8-365EAA84211A}.Debug|Any CPU.ActiveCfg = Debug|Any CPU
		{9832AE15-FBC3-4393-A6B8-365EAA84211A}.Debug|Any CPU.Build.0 = Debug|Any CPU
		{9832AE15-FBC3-4393-A6B8-365EAA84211A}.Debug|x64.ActiveCfg = Debug|Any CPU
		{9832AE15-FBC3-4393-A6B8-365EAA84211A}.Debug|x64.Build.0 = Debug|Any CPU
		{9832AE15-FBC3-4393-A6B8-365EAA84211A}.Debug|x86.ActiveCfg = Debug|Any CPU
		{9832AE15-FBC3-4393-A6B8-365EAA84211A}.Debug|x86.Build.0 = Debug|Any CPU
		{9832AE15-FBC3-4393-A6B8-365EAA84211A}.Release|Any CPU.ActiveCfg = Release|Any CPU
		{9832AE15-FBC3-4393-A6B8-365EAA84211A}.Release|Any CPU.Build.0 = Release|Any CPU
		{9832AE15-FBC3-4393-A6B8-365EAA84211A}.Release|x64.ActiveCfg = Release|Any CPU
		{9832AE15-FBC3-4393-A6B8-365EAA84211A}.Release|x64.Build.0 = Release|Any CPU
		{9832AE15-FBC3-4393-A6B8-365EAA84211A}.Release|x86.ActiveCfg = Release|Any CPU
		{9832AE15-FBC3-4393-A6B8-365EAA84211A}.Release|x86.Build.0 = Release|Any CPU
		{D1F769FA-7040-482F-A86F-13B5346E0F87}.Debug|Any CPU.ActiveCfg = Debug|Any CPU
		{D1F769FA-7040-482F-A86F-13B5346E0F87}.Debug|Any CPU.Build.0 = Debug|Any CPU
		{D1F769FA-7040-482F-A86F-13B5346E0F87}.Debug|x64.ActiveCfg = Debug|Any CPU
		{D1F769FA-7040-482F-A86F-13B5346E0F87}.Debug|x64.Build.0 = Debug|Any CPU
		{D1F769FA-7040-482F-A86F-13B5346E0F87}.Debug|x86.ActiveCfg = Debug|Any CPU
		{D1F769FA-7040-482F-A86F-13B5346E0F87}.Debug|x86.Build.0 = Debug|Any CPU
		{D1F769FA-7040-482F-A86F-13B5346E0F87}.Release|Any CPU.ActiveCfg = Release|Any CPU
		{D1F769FA-7040-482F-A86F-13B5346E0F87}.Release|Any CPU.Build.0 = Release|Any CPU
		{D1F769FA-7040-482F-A86F-13B5346E0F87}.Release|x64.ActiveCfg = Release|Any CPU
		{D1F769FA-7040-482F-A86F-13B5346E0F87}.Release|x64.Build.0 = Release|Any CPU
		{D1F769FA-7040-482F-A86F-13B5346E0F87}.Release|x86.ActiveCfg = Release|Any CPU
		{D1F769FA-7040-482F-A86F-13B5346E0F87}.Release|x86.Build.0 = Release|Any CPU
		{AA2736BB-8EB5-449B-9CF0-91CFDA0C1A2C}.Debug|Any CPU.ActiveCfg = Debug|Any CPU
		{AA2736BB-8EB5-449B-9CF0-91CFDA0C1A2C}.Debug|Any CPU.Build.0 = Debug|Any CPU
		{AA2736BB-8EB5-449B-9CF0-91CFDA0C1A2C}.Debug|x64.ActiveCfg = Debug|Any CPU
		{AA2736BB-8EB5-449B-9CF0-91CFDA0C1A2C}.Debug|x64.Build.0 = Debug|Any CPU
		{AA2736BB-8EB5-449B-9CF0-91CFDA0C1A2C}.Debug|x86.ActiveCfg = Debug|Any CPU
		{AA2736BB-8EB5-449B-9CF0-91CFDA0C1A2C}.Debug|x86.Build.0 = Debug|Any CPU
		{AA2736BB-8EB5-449B-9CF0-91CFDA0C1A2C}.Release|Any CPU.ActiveCfg = Release|Any CPU
		{AA2736BB-8EB5-449B-9CF0-91CFDA0C1A2C}.Release|Any CPU.Build.0 = Release|Any CPU
		{AA2736BB-8EB5-449B-9CF0-91CFDA0C1A2C}.Release|x64.ActiveCfg = Release|Any CPU
		{AA2736BB-8EB5-449B-9CF0-91CFDA0C1A2C}.Release|x64.Build.0 = Release|Any CPU
		{AA2736BB-8EB5-449B-9CF0-91CFDA0C1A2C}.Release|x86.ActiveCfg = Release|Any CPU
		{AA2736BB-8EB5-449B-9CF0-91CFDA0C1A2C}.Release|x86.Build.0 = Release|Any CPU
		{10D5D6C8-DD01-4B87-AFA0-E565A772F098}.Debug|Any CPU.ActiveCfg = Debug|Any CPU
		{10D5D6C8-DD01-4B87-AFA0-E565A772F098}.Debug|Any CPU.Build.0 = Debug|Any CPU
		{10D5D6C8-DD01-4B87-AFA0-E565A772F098}.Debug|x64.ActiveCfg = Debug|Any CPU
		{10D5D6C8-DD01-4B87-AFA0-E565A772F098}.Debug|x64.Build.0 = Debug|Any CPU
		{10D5D6C8-DD01-4B87-AFA0-E565A772F098}.Debug|x86.ActiveCfg = Debug|Any CPU
		{10D5D6C8-DD01-4B87-AFA0-E565A772F098}.Debug|x86.Build.0 = Debug|Any CPU
		{10D5D6C8-DD01-4B87-AFA0-E565A772F098}.Release|Any CPU.ActiveCfg = Release|Any CPU
		{10D5D6C8-DD01-4B87-AFA0-E565A772F098}.Release|Any CPU.Build.0 = Release|Any CPU
		{10D5D6C8-DD01-4B87-AFA0-E565A772F098}.Release|x64.ActiveCfg = Release|Any CPU
		{10D5D6C8-DD01-4B87-AFA0-E565A772F098}.Release|x64.Build.0 = Release|Any CPU
		{10D5D6C8-DD01-4B87-AFA0-E565A772F098}.Release|x86.ActiveCfg = Release|Any CPU
		{10D5D6C8-DD01-4B87-AFA0-E565A772F098}.Release|x86.Build.0 = Release|Any CPU
		{A0DA344C-D364-4336-B1F5-D49FA3750F0C}.Debug|Any CPU.ActiveCfg = Debug|Any CPU
		{A0DA344C-D364-4336-B1F5-D49FA3750F0C}.Debug|Any CPU.Build.0 = Debug|Any CPU
		{A0DA344C-D364-4336-B1F5-D49FA3750F0C}.Debug|x64.ActiveCfg = Debug|Any CPU
		{A0DA344C-D364-4336-B1F5-D49FA3750F0C}.Debug|x64.Build.0 = Debug|Any CPU
		{A0DA344C-D364-4336-B1F5-D49FA3750F0C}.Debug|x86.ActiveCfg = Debug|Any CPU
		{A0DA344C-D364-4336-B1F5-D49FA3750F0C}.Debug|x86.Build.0 = Debug|Any CPU
		{A0DA344C-D364-4336-B1F5-D49FA3750F0C}.Release|Any CPU.ActiveCfg = Release|Any CPU
		{A0DA344C-D364-4336-B1F5-D49FA3750F0C}.Release|Any CPU.Build.0 = Release|Any CPU
		{A0DA344C-D364-4336-B1F5-D49FA3750F0C}.Release|x64.ActiveCfg = Release|Any CPU
		{A0DA344C-D364-4336-B1F5-D49FA3750F0C}.Release|x64.Build.0 = Release|Any CPU
		{A0DA344C-D364-4336-B1F5-D49FA3750F0C}.Release|x86.ActiveCfg = Release|Any CPU
		{A0DA344C-D364-4336-B1F5-D49FA3750F0C}.Release|x86.Build.0 = Release|Any CPU
	EndGlobalSection
	GlobalSection(SolutionProperties) = preSolution
		HideSolutionNode = FALSE
	EndGlobalSection
	GlobalSection(NestedProjects) = preSolution
		{AA2736BB-8EB5-449B-9CF0-91CFDA0C1A2C} = {871EE7B3-FB27-4A0F-BB1E-BF42B8203A4F}
		{10D5D6C8-DD01-4B87-AFA0-E565A772F098} = {871EE7B3-FB27-4A0F-BB1E-BF42B8203A4F}
	EndGlobalSection
	GlobalSection(ExtensibilityGlobals) = postSolution
		SolutionGuid = {CBD7A234-DE64-4D2E-BFF7-969D09FDD0FC}
	EndGlobalSection
EndGlobal
