
Microsoft Visual Studio Solution File, Format Version 12.00
# Visual Studio Version 17
VisualStudioVersion = 17.4.33213.308
MinimumVisualStudioVersion = 15.0.26124.0
Project("{2150E333-8FDC-42A3-9474-1A3956D46DE8}") = "Solution Items", "Solution Items", "{C2499C75-EDBE-4552-B855-52E2B12BC4E4}"
	ProjectSection(SolutionItems) = preProject
		.editorconfig = .editorconfig
		.gitignore = .gitignore
		LICENSE = LICENSE
		packageIcon.png = packageIcon.png
		README.md = README.md
		stylecop.json = stylecop.json
	EndProjectSection
EndProject
Project("{9A19103F-16F7-4668-BE54-9A1E7A4F7556}") = "WorldDirect.CoAP", "WorldDirect.CoAP\WorldDirect.CoAP.csproj", "{60BC961D-1A78-4203-9EFB-A7E616170CC5}"
EndProject
Project("{9A19103F-16F7-4668-BE54-9A1E7A4F7556}") = "WorldDirect.CoAP.Specs", "WorldDirect.CoAP.Specs\WorldDirect.CoAP.Specs.csproj", "{9832AE15-FBC3-4393-A6B8-365EAA84211A}"
EndProject
Project("{9A19103F-16F7-4668-BE54-9A1E7A4F7556}") = "WorldDirect.CoAP.Example.Client", "WorldDirect.CoAP.Example.Client\WorldDirect.CoAP.Example.Client.csproj", "{707A3F6A-961B-4B37-98A8-B7371087F1A9}"
EndProject
Project("{9A19103F-16F7-4668-BE54-9A1E7A4F7556}") = "WorldDirect.CoAP.Example.Server", "WorldDirect.CoAP.Example.Server\WorldDirect.CoAP.Example.Server.csproj", "{3EF4EA32-6F5B-4B2E-83BD-08D670D5A361}"
EndProject
Project("{9A19103F-16F7-4668-BE54-9A1E7A4F7556}") = "WorldDirect.Dtls", "WorldDirect.Dtls\WorldDirect.Dtls.csproj", "{6D82B864-FB4D-42D6-87E9-D61709354D60}"
EndProject
Project("{9A19103F-16F7-4668-BE54-9A1E7A4F7556}") = "WorldDirect.CoAPS.Server", "WorldDirect.CoAPS.Server\WorldDirect.CoAPS.Server.csproj", "{EF41B582-3858-4851-835F-A2FEAED6C2A9}"
EndProject
Project("{9A19103F-16F7-4668-BE54-9A1E7A4F7556}") = "BouncyCastle.Crypto", "..\bc-csharp\crypto\src\BouncyCastle.Crypto.csproj", "{1C68C81B-4C57-4C21-B227-4C16E51D094D}"
EndProject
Global
	GlobalSection(SolutionConfigurationPlatforms) = preSolution
		Debug|Any CPU = Debug|Any CPU
		Debug|x64 = Debug|x64
		Debug|x86 = Debug|x86
		Release|Any CPU = Release|Any CPU
		Release|x64 = Release|x64
		Release|x86 = Release|x86
	EndGlobalSection
	GlobalSection(ProjectConfigurationPlatforms) = postSolution
		{60BC961D-1A78-4203-9EFB-A7E616170CC5}.Debug|Any CPU.ActiveCfg = Debug|Any CPU
		{60BC961D-1A78-4203-9EFB-A7E616170CC5}.Debug|Any CPU.Build.0 = Debug|Any CPU
		{60BC961D-1A78-4203-9EFB-A7E616170CC5}.Debug|x64.ActiveCfg = Debug|Any CPU
		{60BC961D-1A78-4203-9EFB-A7E616170CC5}.Debug|x64.Build.0 = Debug|Any CPU
		{60BC961D-1A78-4203-9EFB-A7E616170CC5}.Debug|x86.ActiveCfg = Debug|Any CPU
		{60BC961D-1A78-4203-9EFB-A7E616170CC5}.Debug|x86.Build.0 = Debug|Any CPU
		{60BC961D-1A78-4203-9EFB-A7E616170CC5}.Release|Any CPU.ActiveCfg = Release|Any CPU
		{60BC961D-1A78-4203-9EFB-A7E616170CC5}.Release|Any CPU.Build.0 = Release|Any CPU
		{60BC961D-1A78-4203-9EFB-A7E616170CC5}.Release|x64.ActiveCfg = Release|Any CPU
		{60BC961D-1A78-4203-9EFB-A7E616170CC5}.Release|x64.Build.0 = Release|Any CPU
		{60BC961D-1A78-4203-9EFB-A7E616170CC5}.Release|x86.ActiveCfg = Release|Any CPU
		{60BC961D-1A78-4203-9EFB-A7E616170CC5}.Release|x86.Build.0 = Release|Any CPU
		{9832AE15-FBC3-4393-A6B8-365EAA84211A}.Debug|Any CPU.ActiveCfg = Debug|Any CPU
		{9832AE15-FBC3-4393-A6B8-365EAA84211A}.Debug|Any CPU.Build.0 = Debug|Any CPU
		{9832AE15-FBC3-4393-A6B8-365EAA84211A}.Debug|x64.ActiveCfg = Debug|Any CPU
		{9832AE15-FBC3-4393-A6B8-365EAA84211A}.Debug|x64.Build.0 = Debug|Any CPU
		{9832AE15-FBC3-4393-A6B8-365EAA84211A}.Debug|x86.ActiveCfg = Debug|Any CPU
		{9832AE15-FBC3-4393-A6B8-365EAA84211A}.Debug|x86.Build.0 = Debug|Any CPU
		{9832AE15-FBC3-4393-A6B8-365EAA84211A}.Release|Any CPU.ActiveCfg = Release|Any CPU
		{9832AE15-FBC3-4393-A6B8-365EAA84211A}.Release|Any CPU.Build.0 = Release|Any CPU
		{9832AE15-FBC3-4393-A6B8-365EAA84211A}.Release|x64.ActiveCfg = Release|Any CPU
		{9832AE15-FBC3-4393-A6B8-365EAA84211A}.Release|x64.Build.0 = Release|Any CPU
		{9832AE15-FBC3-4393-A6B8-365EAA84211A}.Release|x86.ActiveCfg = Release|Any CPU
		{9832AE15-FBC3-4393-A6B8-365EAA84211A}.Release|x86.Build.0 = Release|Any CPU
		{707A3F6A-961B-4B37-98A8-B7371087F1A9}.Debug|Any CPU.ActiveCfg = Debug|Any CPU
		{707A3F6A-961B-4B37-98A8-B7371087F1A9}.Debug|Any CPU.Build.0 = Debug|Any CPU
		{707A3F6A-961B-4B37-98A8-B7371087F1A9}.Debug|x64.ActiveCfg = Debug|Any CPU
		{707A3F6A-961B-4B37-98A8-B7371087F1A9}.Debug|x64.Build.0 = Debug|Any CPU
		{707A3F6A-961B-4B37-98A8-B7371087F1A9}.Debug|x86.ActiveCfg = Debug|Any CPU
		{707A3F6A-961B-4B37-98A8-B7371087F1A9}.Debug|x86.Build.0 = Debug|Any CPU
		{707A3F6A-961B-4B37-98A8-B7371087F1A9}.Release|Any CPU.ActiveCfg = Release|Any CPU
		{707A3F6A-961B-4B37-98A8-B7371087F1A9}.Release|Any CPU.Build.0 = Release|Any CPU
		{707A3F6A-961B-4B37-98A8-B7371087F1A9}.Release|x64.ActiveCfg = Release|Any CPU
		{707A3F6A-961B-4B37-98A8-B7371087F1A9}.Release|x64.Build.0 = Release|Any CPU
		{707A3F6A-961B-4B37-98A8-B7371087F1A9}.Release|x86.ActiveCfg = Release|Any CPU
		{707A3F6A-961B-4B37-98A8-B7371087F1A9}.Release|x86.Build.0 = Release|Any CPU
		{3EF4EA32-6F5B-4B2E-83BD-08D670D5A361}.Debug|Any CPU.ActiveCfg = Debug|Any CPU
		{3EF4EA32-6F5B-4B2E-83BD-08D670D5A361}.Debug|Any CPU.Build.0 = Debug|Any CPU
		{3EF4EA32-6F5B-4B2E-83BD-08D670D5A361}.Debug|x64.ActiveCfg = Debug|Any CPU
		{3EF4EA32-6F5B-4B2E-83BD-08D670D5A361}.Debug|x64.Build.0 = Debug|Any CPU
		{3EF4EA32-6F5B-4B2E-83BD-08D670D5A361}.Debug|x86.ActiveCfg = Debug|Any CPU
		{3EF4EA32-6F5B-4B2E-83BD-08D670D5A361}.Debug|x86.Build.0 = Debug|Any CPU
		{3EF4EA32-6F5B-4B2E-83BD-08D670D5A361}.Release|Any CPU.ActiveCfg = Release|Any CPU
		{3EF4EA32-6F5B-4B2E-83BD-08D670D5A361}.Release|Any CPU.Build.0 = Release|Any CPU
		{3EF4EA32-6F5B-4B2E-83BD-08D670D5A361}.Release|x64.ActiveCfg = Release|Any CPU
		{3EF4EA32-6F5B-4B2E-83BD-08D670D5A361}.Release|x64.Build.0 = Release|Any CPU
		{3EF4EA32-6F5B-4B2E-83BD-08D670D5A361}.Release|x86.ActiveCfg = Release|Any CPU
		{3EF4EA32-6F5B-4B2E-83BD-08D670D5A361}.Release|x86.Build.0 = Release|Any CPU
		{6D82B864-FB4D-42D6-87E9-D61709354D60}.Debug|Any CPU.ActiveCfg = Debug|Any CPU
		{6D82B864-FB4D-42D6-87E9-D61709354D60}.Debug|Any CPU.Build.0 = Debug|Any CPU
		{6D82B864-FB4D-42D6-87E9-D61709354D60}.Debug|x64.ActiveCfg = Debug|Any CPU
		{6D82B864-FB4D-42D6-87E9-D61709354D60}.Debug|x64.Build.0 = Debug|Any CPU
		{6D82B864-FB4D-42D6-87E9-D61709354D60}.Debug|x86.ActiveCfg = Debug|Any CPU
		{6D82B864-FB4D-42D6-87E9-D61709354D60}.Debug|x86.Build.0 = Debug|Any CPU
		{6D82B864-FB4D-42D6-87E9-D61709354D60}.Release|Any CPU.ActiveCfg = Release|Any CPU
		{6D82B864-FB4D-42D6-87E9-D61709354D60}.Release|Any CPU.Build.0 = Release|Any CPU
		{6D82B864-FB4D-42D6-87E9-D61709354D60}.Release|x64.ActiveCfg = Release|Any CPU
		{6D82B864-FB4D-42D6-87E9-D61709354D60}.Release|x64.Build.0 = Release|Any CPU
		{6D82B864-FB4D-42D6-87E9-D61709354D60}.Release|x86.ActiveCfg = Release|Any CPU
		{6D82B864-FB4D-42D6-87E9-D61709354D60}.Release|x86.Build.0 = Release|Any CPU
		{EF41B582-3858-4851-835F-A2FEAED6C2A9}.Debug|Any CPU.ActiveCfg = Debug|Any CPU
		{EF41B582-3858-4851-835F-A2FEAED6C2A9}.Debug|Any CPU.Build.0 = Debug|Any CPU
		{EF41B582-3858-4851-835F-A2FEAED6C2A9}.Debug|x64.ActiveCfg = Debug|Any CPU
		{EF41B582-3858-4851-835F-A2FEAED6C2A9}.Debug|x64.Build.0 = Debug|Any CPU
		{EF41B582-3858-4851-835F-A2FEAED6C2A9}.Debug|x86.ActiveCfg = Debug|Any CPU
		{EF41B582-3858-4851-835F-A2FEAED6C2A9}.Debug|x86.Build.0 = Debug|Any CPU
		{EF41B582-3858-4851-835F-A2FEAED6C2A9}.Release|Any CPU.ActiveCfg = Release|Any CPU
		{EF41B582-3858-4851-835F-A2FEAED6C2A9}.Release|Any CPU.Build.0 = Release|Any CPU
		{EF41B582-3858-4851-835F-A2FEAED6C2A9}.Release|x64.ActiveCfg = Release|Any CPU
		{EF41B582-3858-4851-835F-A2FEAED6C2A9}.Release|x64.Build.0 = Release|Any CPU
		{EF41B582-3858-4851-835F-A2FEAED6C2A9}.Release|x86.ActiveCfg = Release|Any CPU
		{EF41B582-3858-4851-835F-A2FEAED6C2A9}.Release|x86.Build.0 = Release|Any CPU
		{1C68C81B-4C57-4C21-B227-4C16E51D094D}.Debug|Any CPU.ActiveCfg = Debug|Any CPU
		{1C68C81B-4C57-4C21-B227-4C16E51D094D}.Debug|Any CPU.Build.0 = Debug|Any CPU
		{1C68C81B-4C57-4C21-B227-4C16E51D094D}.Debug|x64.ActiveCfg = Debug|Any CPU
		{1C68C81B-4C57-4C21-B227-4C16E51D094D}.Debug|x64.Build.0 = Debug|Any CPU
		{1C68C81B-4C57-4C21-B227-4C16E51D094D}.Debug|x86.ActiveCfg = Debug|Any CPU
		{1C68C81B-4C57-4C21-B227-4C16E51D094D}.Debug|x86.Build.0 = Debug|Any CPU
		{1C68C81B-4C57-4C21-B227-4C16E51D094D}.Release|Any CPU.ActiveCfg = Release|Any CPU
		{1C68C81B-4C57-4C21-B227-4C16E51D094D}.Release|Any CPU.Build.0 = Release|Any CPU
		{1C68C81B-4C57-4C21-B227-4C16E51D094D}.Release|x64.ActiveCfg = Release|Any CPU
		{1C68C81B-4C57-4C21-B227-4C16E51D094D}.Release|x64.Build.0 = Release|Any CPU
		{1C68C81B-4C57-4C21-B227-4C16E51D094D}.Release|x86.ActiveCfg = Release|Any CPU
		{1C68C81B-4C57-4C21-B227-4C16E51D094D}.Release|x86.Build.0 = Release|Any CPU
	EndGlobalSection
	GlobalSection(SolutionProperties) = preSolution
		HideSolutionNode = FALSE
	EndGlobalSection
	GlobalSection(ExtensibilityGlobals) = postSolution
		SolutionGuid = {CBD7A234-DE64-4D2E-BFF7-969D09FDD0FC}
	EndGlobalSection
EndGlobal
